
Microsoft Visual Studio Solution File, Format Version 12.00
# Visual Studio Version 17
VisualStudioVersion = 17.12.35707.178 d17.12
MinimumVisualStudioVersion = 10.0.40219.1
Project("{FAE04EC0-301F-11D3-BF4B-00C04F79EFBC}") = "RabbitFood.Functions", "LucasRabbit\RabbitFood.Functions.csproj", "{1CCAFE57-230E-4E43-940D-A3D3E029CB7D}"
EndProject
Project("{FAE04EC0-301F-11D3-BF4B-00C04F79EFBC}") = "Domains", "Domains\Domains.csproj", "{60AB755A-18D7-4539-839E-1D2DF6DD4AA8}"
EndProject
Global
	GlobalSection(SolutionConfigurationPlatforms) = preSolution
		Debug|Any CPU = Debug|Any CPU
		Release|Any CPU = Release|Any CPU
	EndGlobalSection
	GlobalSection(ProjectConfigurationPlatforms) = postSolution
		{1CCAFE57-230E-4E43-940D-A3D3E029CB7D}.Debug|Any CPU.ActiveCfg = Debug|Any CPU
		{1CCAFE57-230E-4E43-940D-A3D3E029CB7D}.Debug|Any CPU.Build.0 = Debug|Any CPU
		{1CCAFE57-230E-4E43-940D-A3D3E029CB7D}.Release|Any CPU.ActiveCfg = Release|Any CPU
		{1CCAFE57-230E-4E43-940D-A3D3E029CB7D}.Release|Any CPU.Build.0 = Release|Any CPU
		{60AB755A-18D7-4539-839E-1D2DF6DD4AA8}.Debug|Any CPU.ActiveCfg = Debug|Any CPU
		{60AB755A-18D7-4539-839E-1D2DF6DD4AA8}.Debug|Any CPU.Build.0 = Debug|Any CPU
		{60AB755A-18D7-4539-839E-1D2DF6DD4AA8}.Release|Any CPU.ActiveCfg = Release|Any CPU
		{60AB755A-18D7-4539-839E-1D2DF6DD4AA8}.Release|Any CPU.Build.0 = Release|Any CPU
	EndGlobalSection
	GlobalSection(SolutionProperties) = preSolution
		HideSolutionNode = FALSE
	EndGlobalSection
EndGlobal
